
Microsoft Visual Studio Solution File, Format Version 12.00
# Visual Studio 15
VisualStudioVersion = 15.0.27130.2024
MinimumVisualStudioVersion = 10.0.40219.1
Project("{FAE04EC0-301F-11D3-BF4B-00C04F79EFBC}") = "MovieKeep.Core", "MovieKeep.Core\MovieKeep.Core.csproj", "{DC503056-3715-475B-A76D-521A16375772}"
EndProject
Project("{2150E333-8FDC-42A3-9474-1A3956D46DE8}") = "src", "src", "{E6F2B91C-8771-4667-90EB-081130EB9734}"
EndProject
Project("{2150E333-8FDC-42A3-9474-1A3956D46DE8}") = "services", "services", "{5C46B7E0-DEDA-471D-A4B9-B28AED7BB7C4}"
EndProject
Project("{FAE04EC0-301F-11D3-BF4B-00C04F79EFBC}") = "MovieDataBank.API", "Services\MovieDataBank.API\MovieDataBank.API.csproj", "{577284DF-74D9-40F2-AEEB-C967C0AB8367}"
EndProject
Project("{FAE04EC0-301F-11D3-BF4B-00C04F79EFBC}") = "Identity.API", "Services\Identity.API\Identity.API.csproj", "{1030ADEB-B03F-43F9-8271-E766AEEB983F}"
EndProject
Project("{2150E333-8FDC-42A3-9474-1A3956D46DE8}") = "Dashboard", "Dashboard", "{C0A93255-AC6D-4740-8384-5F5CAB2112D5}"
EndProject
Project("{FAE04EC0-301F-11D3-BF4B-00C04F79EFBC}") = "Dashboard.API", "Services\Dashboard.API\Dashboard.API.csproj", "{C550E228-9C76-4944-A95D-C92DCE7A7D5F}"
EndProject
Global
	GlobalSection(SolutionConfigurationPlatforms) = preSolution
		Debug|Any CPU = Debug|Any CPU
		Release|Any CPU = Release|Any CPU
	EndGlobalSection
	GlobalSection(ProjectConfigurationPlatforms) = postSolution
		{DC503056-3715-475B-A76D-521A16375772}.Debug|Any CPU.ActiveCfg = Debug|Any CPU
		{DC503056-3715-475B-A76D-521A16375772}.Debug|Any CPU.Build.0 = Debug|Any CPU
		{DC503056-3715-475B-A76D-521A16375772}.Release|Any CPU.ActiveCfg = Release|Any CPU
		{DC503056-3715-475B-A76D-521A16375772}.Release|Any CPU.Build.0 = Release|Any CPU
		{577284DF-74D9-40F2-AEEB-C967C0AB8367}.Debug|Any CPU.ActiveCfg = Debug|Any CPU
		{577284DF-74D9-40F2-AEEB-C967C0AB8367}.Debug|Any CPU.Build.0 = Debug|Any CPU
		{577284DF-74D9-40F2-AEEB-C967C0AB8367}.Release|Any CPU.ActiveCfg = Release|Any CPU
		{577284DF-74D9-40F2-AEEB-C967C0AB8367}.Release|Any CPU.Build.0 = Release|Any CPU
		{1030ADEB-B03F-43F9-8271-E766AEEB983F}.Debug|Any CPU.ActiveCfg = Debug|Any CPU
		{1030ADEB-B03F-43F9-8271-E766AEEB983F}.Debug|Any CPU.Build.0 = Debug|Any CPU
		{1030ADEB-B03F-43F9-8271-E766AEEB983F}.Release|Any CPU.ActiveCfg = Release|Any CPU
		{1030ADEB-B03F-43F9-8271-E766AEEB983F}.Release|Any CPU.Build.0 = Release|Any CPU
		{C550E228-9C76-4944-A95D-C92DCE7A7D5F}.Debug|Any CPU.ActiveCfg = Debug|Any CPU
		{C550E228-9C76-4944-A95D-C92DCE7A7D5F}.Debug|Any CPU.Build.0 = Debug|Any CPU
		{C550E228-9C76-4944-A95D-C92DCE7A7D5F}.Release|Any CPU.ActiveCfg = Release|Any CPU
		{C550E228-9C76-4944-A95D-C92DCE7A7D5F}.Release|Any CPU.Build.0 = Release|Any CPU
	EndGlobalSection
	GlobalSection(SolutionProperties) = preSolution
		HideSolutionNode = FALSE
	EndGlobalSection
	GlobalSection(NestedProjects) = preSolution
		{DC503056-3715-475B-A76D-521A16375772} = {E6F2B91C-8771-4667-90EB-081130EB9734}
		{5C46B7E0-DEDA-471D-A4B9-B28AED7BB7C4} = {E6F2B91C-8771-4667-90EB-081130EB9734}
		{577284DF-74D9-40F2-AEEB-C967C0AB8367} = {5C46B7E0-DEDA-471D-A4B9-B28AED7BB7C4}
		{1030ADEB-B03F-43F9-8271-E766AEEB983F} = {5C46B7E0-DEDA-471D-A4B9-B28AED7BB7C4}
		{C0A93255-AC6D-4740-8384-5F5CAB2112D5} = {5C46B7E0-DEDA-471D-A4B9-B28AED7BB7C4}
		{C550E228-9C76-4944-A95D-C92DCE7A7D5F} = {C0A93255-AC6D-4740-8384-5F5CAB2112D5}
	EndGlobalSection
	GlobalSection(ExtensibilityGlobals) = postSolution
		SolutionGuid = {CBACDE78-AD01-4521-A5A0-7A66BE6EDDDB}
	EndGlobalSection
EndGlobal
